
Microsoft Visual Studio Solution File, Format Version 12.00
# Visual Studio Version 17
VisualStudioVersion = 17.3.32922.545
MinimumVisualStudioVersion = 10.0.40219.1
Project("{FAE04EC0-301F-11D3-BF4B-00C04F79EFBC}") = "TicketApi", "TicketApi\TicketApi.csproj", "{7DC4F626-34A3-4CA0-9782-EECA4F9E99F5}"
EndProject
Global
	GlobalSection(SolutionConfigurationPlatforms) = preSolution
		Debug|Any CPU = Debug|Any CPU
		Release|Any CPU = Release|Any CPU
	EndGlobalSection
	GlobalSection(ProjectConfigurationPlatforms) = postSolution
		{7DC4F626-34A3-4CA0-9782-EECA4F9E99F5}.Debug|Any CPU.ActiveCfg = Debug|Any CPU
		{7DC4F626-34A3-4CA0-9782-EECA4F9E99F5}.Debug|Any CPU.Build.0 = Debug|Any CPU
		{7DC4F626-34A3-4CA0-9782-EECA4F9E99F5}.Release|Any CPU.ActiveCfg = Release|Any CPU
		{7DC4F626-34A3-4CA0-9782-EECA4F9E99F5}.Release|Any CPU.Build.0 = Release|Any CPU
	EndGlobalSection
	GlobalSection(SolutionProperties) = preSolution
		HideSolutionNode = FALSE
	EndGlobalSection
	GlobalSection(ExtensibilityGlobals) = postSolution
		SolutionGuid = {978D905F-B2C4-431D-8136-45892669A9C2}
	EndGlobalSection
EndGlobal
